
Microsoft Visual Studio Solution File, Format Version 12.00
# Visual Studio 15
VisualStudioVersion = 15.0.27004.2009
MinimumVisualStudioVersion = 10.0.40219.1
Project("{8BC9CEB8-8B4A-11D0-8D11-00A0C91BC942}") = "Scuva.NativeActivity", "Scuva.NativeActivity\Scuva.NativeActivity.vcxproj", "{B4FA4712-7803-4704-BB77-8F390C387BFB}"
EndProject
Project("{39E2626F-3545-4960-A6E8-258AD8476CE5}") = "Scuva.Packaging", "Scuva.Packaging\Scuva.Packaging.androidproj", "{E5BC3EC1-D506-48CC-AA3E-EE761861DB41}"
EndProject
Global
	GlobalSection(SolutionConfigurationPlatforms) = preSolution
		Debug|ARM = Debug|ARM
		Debug|ARM64 = Debug|ARM64
		Debug|x64 = Debug|x64
		Debug|x86 = Debug|x86
		Release|ARM = Release|ARM
		Release|ARM64 = Release|ARM64
		Release|x64 = Release|x64
		Release|x86 = Release|x86
	EndGlobalSection
	GlobalSection(ProjectConfigurationPlatforms) = postSolution
		{B4FA4712-7803-4704-BB77-8F390C387BFB}.Debug|ARM.ActiveCfg = Debug|ARM
		{B4FA4712-7803-4704-BB77-8F390C387BFB}.Debug|ARM.Build.0 = Debug|ARM
		{B4FA4712-7803-4704-BB77-8F390C387BFB}.Debug|ARM64.ActiveCfg = Debug|ARM64
		{B4FA4712-7803-4704-BB77-8F390C387BFB}.Debug|ARM64.Build.0 = Debug|ARM64
		{B4FA4712-7803-4704-BB77-8F390C387BFB}.Debug|x64.ActiveCfg = Debug|x64
		{B4FA4712-7803-4704-BB77-8F390C387BFB}.Debug|x64.Build.0 = Debug|x64
		{B4FA4712-7803-4704-BB77-8F390C387BFB}.Debug|x86.ActiveCfg = Debug|x86
		{B4FA4712-7803-4704-BB77-8F390C387BFB}.Debug|x86.Build.0 = Debug|x86
		{B4FA4712-7803-4704-BB77-8F390C387BFB}.Release|ARM.ActiveCfg = Release|ARM
		{B4FA4712-7803-4704-BB77-8F390C387BFB}.Release|ARM.Build.0 = Release|ARM
		{B4FA4712-7803-4704-BB77-8F390C387BFB}.Release|ARM64.ActiveCfg = Release|ARM64
		{B4FA4712-7803-4704-BB77-8F390C387BFB}.Release|ARM64.Build.0 = Release|ARM64
		{B4FA4712-7803-4704-BB77-8F390C387BFB}.Release|x64.ActiveCfg = Release|x64
		{B4FA4712-7803-4704-BB77-8F390C387BFB}.Release|x64.Build.0 = Release|x64
		{B4FA4712-7803-4704-BB77-8F390C387BFB}.Release|x86.ActiveCfg = Release|x86
		{B4FA4712-7803-4704-BB77-8F390C387BFB}.Release|x86.Build.0 = Release|x86
		{E5BC3EC1-D506-48CC-AA3E-EE761861DB41}.Debug|ARM.ActiveCfg = Debug|ARM
		{E5BC3EC1-D506-48CC-AA3E-EE761861DB41}.Debug|ARM.Build.0 = Debug|ARM
		{E5BC3EC1-D506-48CC-AA3E-EE761861DB41}.Debug|ARM.Deploy.0 = Debug|ARM
		{E5BC3EC1-D506-48CC-AA3E-EE761861DB41}.Debug|ARM64.ActiveCfg = Debug|ARM64
		{E5BC3EC1-D506-48CC-AA3E-EE761861DB41}.Debug|ARM64.Build.0 = Debug|ARM64
		{E5BC3EC1-D506-48CC-AA3E-EE761861DB41}.Debug|ARM64.Deploy.0 = Debug|ARM64
		{E5BC3EC1-D506-48CC-AA3E-EE761861DB41}.Debug|x64.ActiveCfg = Debug|x64
		{E5BC3EC1-D506-48CC-AA3E-EE761861DB41}.Debug|x64.Build.0 = Debug|x64
		{E5BC3EC1-D506-48CC-AA3E-EE761861DB41}.Debug|x64.Deploy.0 = Debug|x64
		{E5BC3EC1-D506-48CC-AA3E-EE761861DB41}.Debug|x86.ActiveCfg = Debug|x86
		{E5BC3EC1-D506-48CC-AA3E-EE761861DB41}.Debug|x86.Build.0 = Debug|x86
		{E5BC3EC1-D506-48CC-AA3E-EE761861DB41}.Debug|x86.Deploy.0 = Debug|x86
		{E5BC3EC1-D506-48CC-AA3E-EE761861DB41}.Release|ARM.ActiveCfg = Release|ARM
		{E5BC3EC1-D506-48CC-AA3E-EE761861DB41}.Release|ARM.Build.0 = Release|ARM
		{E5BC3EC1-D506-48CC-AA3E-EE761861DB41}.Release|ARM.Deploy.0 = Release|ARM
		{E5BC3EC1-D506-48CC-AA3E-EE761861DB41}.Release|ARM64.ActiveCfg = Release|ARM64
		{E5BC3EC1-D506-48CC-AA3E-EE761861DB41}.Release|ARM64.Build.0 = Release|ARM64
		{E5BC3EC1-D506-48CC-AA3E-EE761861DB41}.Release|ARM64.Deploy.0 = Release|ARM64
		{E5BC3EC1-D506-48CC-AA3E-EE761861DB41}.Release|x64.ActiveCfg = Release|x64
		{E5BC3EC1-D506-48CC-AA3E-EE761861DB41}.Release|x64.Build.0 = Release|x64
		{E5BC3EC1-D506-48CC-AA3E-EE761861DB41}.Release|x64.Deploy.0 = Release|x64
		{E5BC3EC1-D506-48CC-AA3E-EE761861DB41}.Release|x86.ActiveCfg = Release|x86
		{E5BC3EC1-D506-48CC-AA3E-EE761861DB41}.Release|x86.Build.0 = Release|x86
		{E5BC3EC1-D506-48CC-AA3E-EE761861DB41}.Release|x86.Deploy.0 = Release|x86
	EndGlobalSection
	GlobalSection(SolutionProperties) = preSolution
		HideSolutionNode = FALSE
	EndGlobalSection
	GlobalSection(ExtensibilityGlobals) = postSolution
		SolutionGuid = {65227867-282E-4E9D-9BEE-F2786F347499}
	EndGlobalSection
EndGlobal
